// !$*UTF8*$!
{
	archiveVersion = 1;
	classes = {
	};
	objectVersion = 46;
	objects = {

/* Begin PBXBuildFile section */
		6003F58E195388D20070C39A /* Foundation.framework in Frameworks */ = {isa = PBXBuildFile; fileRef = 6003F58D195388D20070C39A /* Foundation.framework */; };
		6003F590195388D20070C39A /* CoreGraphics.framework in Frameworks */ = {isa = PBXBuildFile; fileRef = 6003F58F195388D20070C39A /* CoreGraphics.framework */; };
		6003F592195388D20070C39A /* UIKit.framework in Frameworks */ = {isa = PBXBuildFile; fileRef = 6003F591195388D20070C39A /* UIKit.framework */; };
		6003F5B0195388D20070C39A /* XCTest.framework in Frameworks */ = {isa = PBXBuildFile; fileRef = 6003F5AF195388D20070C39A /* XCTest.framework */; };
		6003F5B1195388D20070C39A /* Foundation.framework in Frameworks */ = {isa = PBXBuildFile; fileRef = 6003F58D195388D20070C39A /* Foundation.framework */; };
		6003F5B2195388D20070C39A /* UIKit.framework in Frameworks */ = {isa = PBXBuildFile; fileRef = 6003F591195388D20070C39A /* UIKit.framework */; };
		6003F5BA195388D20070C39A /* InfoPlist.strings in Resources */ = {isa = PBXBuildFile; fileRef = 6003F5B8195388D20070C39A /* InfoPlist.strings */; };
		6114F71EE74A373A655F6D84 /* Pods_ACYKit_Tests.framework in Frameworks */ = {isa = PBXBuildFile; fileRef = 5A1444FA1178275A12EEB005 /* Pods_ACYKit_Tests.framework */; };
		8E0775ED1EC5602400C7DC1C /* ACYWatchdogTimer.m in Sources */ = {isa = PBXBuildFile; fileRef = 8E0775EC1EC5602400C7DC1C /* ACYWatchdogTimer.m */; };
		8E9A48771EAD95A600128878 /* ACYSplitViewController.m in Sources */ = {isa = PBXBuildFile; fileRef = 8E9A48761EAD95A600128878 /* ACYSplitViewController.m */; };
		8EC2D4C21EAA3E2200FE0239 /* ACYAppDelegate.m in Sources */ = {isa = PBXBuildFile; fileRef = 8EC2D4B81EAA3E2200FE0239 /* ACYAppDelegate.m */; };
		8EC2D4C31EAA3E2200FE0239 /* ACYViewController.m in Sources */ = {isa = PBXBuildFile; fileRef = 8EC2D4BB1EAA3E2200FE0239 /* ACYViewController.m */; };
		8EC2D4C41EAA3E2200FE0239 /* Images.xcassets in Resources */ = {isa = PBXBuildFile; fileRef = 8EC2D4BD1EAA3E2200FE0239 /* Images.xcassets */; };
		8EC2D4C61EAA3E2200FE0239 /* main.m in Sources */ = {isa = PBXBuildFile; fileRef = 8EC2D4C11EAA3E2200FE0239 /* main.m */; };
		8EC2D4C81EAA3E5700FE0239 /* InfoPlist.strings in Resources */ = {isa = PBXBuildFile; fileRef = 8EC2D4C71EAA3E5700FE0239 /* InfoPlist.strings */; };
		8EC2D4CB1EAA3E6E00FE0239 /* LaunchScreen.storyboard in Resources */ = {isa = PBXBuildFile; fileRef = 8EC2D4C91EAA3E6E00FE0239 /* LaunchScreen.storyboard */; };
		8EC2D4E91EACFA9700FE0239 /* NSArray+ACY_NSSortDescriptorSortingSpec.m in Sources */ = {isa = PBXBuildFile; fileRef = 8EC2D4E11EACFA9700FE0239 /* NSArray+ACY_NSSortDescriptorSortingSpec.m */; };
		8EC2D4EA1EACFA9700FE0239 /* NSObject+ACY_UIViewSpec.m in Sources */ = {isa = PBXBuildFile; fileRef = 8EC2D4E21EACFA9700FE0239 /* NSObject+ACY_UIViewSpec.m */; };
		8EC2D4EB1EACFA9700FE0239 /* NSString+ACY_NSStringExtensionMethodsSpec.m in Sources */ = {isa = PBXBuildFile; fileRef = 8EC2D4E31EACFA9700FE0239 /* NSString+ACY_NSStringExtensionMethodsSpec.m */; };
		8EC2D4EC1EACFA9700FE0239 /* NSString+ACY_NSStringPathExtensionsSpec.m in Sources */ = {isa = PBXBuildFile; fileRef = 8EC2D4E41EACFA9700FE0239 /* NSString+ACY_NSStringPathExtensionsSpec.m */; };
		8EC2D4ED1EACFA9700FE0239 /* UIImage+ACY_ResizableImageSpec.m in Sources */ = {isa = PBXBuildFile; fileRef = 8EC2D4E51EACFA9700FE0239 /* UIImage+ACY_ResizableImageSpec.m */; };
		8EC2D4EE1EACFA9700FE0239 /* UIScrollView+ACY_ScrollIndicatorsSpec.m in Sources */ = {isa = PBXBuildFile; fileRef = 8EC2D4E61EACFA9700FE0239 /* UIScrollView+ACY_ScrollIndicatorsSpec.m */; };
		8EC2D4EF1EACFA9700FE0239 /* UIView+ACY_UIViewHierarchySpec.m in Sources */ = {isa = PBXBuildFile; fileRef = 8EC2D4E71EACFA9700FE0239 /* UIView+ACY_UIViewHierarchySpec.m */; };
		8EC2D4F31EACFD6400FE0239 /* ACYMasterViewController.m in Sources */ = {isa = PBXBuildFile; fileRef = 8EC2D4F21EACFD6400FE0239 /* ACYMasterViewController.m */; };
		8EC2D4F61EACFD7D00FE0239 /* ACYDetailViewController.m in Sources */ = {isa = PBXBuildFile; fileRef = 8EC2D4F51EACFD7D00FE0239 /* ACYDetailViewController.m */; };
		8EC2D4FE1EAE25A800FE0239 /* ACYKit_ExampleUITests.m in Sources */ = {isa = PBXBuildFile; fileRef = 8EC2D4FD1EAE25A800FE0239 /* ACYKit_ExampleUITests.m */; };
		8EEB7B611ECD3E72004A7B25 /* ACYContainerView.m in Sources */ = {isa = PBXBuildFile; fileRef = 8EEB7B601ECD3E72004A7B25 /* ACYContainerView.m */; };
		EAAF098EE5225096BD0C2875 /* Pods_ACYKit_Example.framework in Frameworks */ = {isa = PBXBuildFile; fileRef = 9FEEAB07CBD298D7CE59001B /* Pods_ACYKit_Example.framework */; };
/* End PBXBuildFile section */

/* Begin PBXContainerItemProxy section */
		6003F5B3195388D20070C39A /* PBXContainerItemProxy */ = {
			isa = PBXContainerItemProxy;
			containerPortal = 6003F582195388D10070C39A /* Project object */;
			proxyType = 1;
			remoteGlobalIDString = 6003F589195388D20070C39A;
			remoteInfo = ACYKit;
		};
		8EC2D5001EAE25A800FE0239 /* PBXContainerItemProxy */ = {
			isa = PBXContainerItemProxy;
			containerPortal = 6003F582195388D10070C39A /* Project object */;
			proxyType = 1;
			remoteGlobalIDString = 6003F589195388D20070C39A;
			remoteInfo = ACYKit_Example;
		};
/* End PBXContainerItemProxy section */

/* Begin PBXFileReference section */
		3E28814CEC02ECA0DCE4ACF9 /* LICENSE */ = {isa = PBXFileReference; includeInIndex = 1; lastKnownFileType = text; name = LICENSE; path = ../LICENSE; sourceTree = "<group>"; };
		5A1444FA1178275A12EEB005 /* Pods_ACYKit_Tests.framework */ = {isa = PBXFileReference; explicitFileType = wrapper.framework; includeInIndex = 0; path = Pods_ACYKit_Tests.framework; sourceTree = BUILT_PRODUCTS_DIR; };
		6003F58A195388D20070C39A /* ACYKit_Example.app */ = {isa = PBXFileReference; explicitFileType = wrapper.application; includeInIndex = 0; path = ACYKit_Example.app; sourceTree = BUILT_PRODUCTS_DIR; };
		6003F58D195388D20070C39A /* Foundation.framework */ = {isa = PBXFileReference; lastKnownFileType = wrapper.framework; name = Foundation.framework; path = System/Library/Frameworks/Foundation.framework; sourceTree = SDKROOT; };
		6003F58F195388D20070C39A /* CoreGraphics.framework */ = {isa = PBXFileReference; lastKnownFileType = wrapper.framework; name = CoreGraphics.framework; path = System/Library/Frameworks/CoreGraphics.framework; sourceTree = SDKROOT; };
		6003F591195388D20070C39A /* UIKit.framework */ = {isa = PBXFileReference; lastKnownFileType = wrapper.framework; name = UIKit.framework; path = System/Library/Frameworks/UIKit.framework; sourceTree = SDKROOT; };
		6003F5AE195388D20070C39A /* ACYKit_Tests.xctest */ = {isa = PBXFileReference; explicitFileType = wrapper.cfbundle; includeInIndex = 0; path = ACYKit_Tests.xctest; sourceTree = BUILT_PRODUCTS_DIR; };
		6003F5AF195388D20070C39A /* XCTest.framework */ = {isa = PBXFileReference; lastKnownFileType = wrapper.framework; name = XCTest.framework; path = Library/Frameworks/XCTest.framework; sourceTree = DEVELOPER_DIR; };
		6003F5B7195388D20070C39A /* Tests-Info.plist */ = {isa = PBXFileReference; lastKnownFileType = text.plist.xml; path = "Tests-Info.plist"; sourceTree = "<group>"; };
		6003F5B9195388D20070C39A /* en */ = {isa = PBXFileReference; lastKnownFileType = text.plist.strings; name = en; path = en.lproj/InfoPlist.strings; sourceTree = "<group>"; };
		606FC2411953D9B200FFA9A0 /* Tests-Prefix.pch */ = {isa = PBXFileReference; lastKnownFileType = sourcecode.c.h; path = "Tests-Prefix.pch"; sourceTree = "<group>"; };
		64070828EF7F8BFBC483C4A9 /* Pods-ACYKit_Tests.debug.xcconfig */ = {isa = PBXFileReference; includeInIndex = 1; lastKnownFileType = text.xcconfig; name = "Pods-ACYKit_Tests.debug.xcconfig"; path = "Pods/Target Support Files/Pods-ACYKit_Tests/Pods-ACYKit_Tests.debug.xcconfig"; sourceTree = "<group>"; };
		6881DD32F73B55C0DE29E962 /* Pods-ACYKit_Example.release.xcconfig */ = {isa = PBXFileReference; includeInIndex = 1; lastKnownFileType = text.xcconfig; name = "Pods-ACYKit_Example.release.xcconfig"; path = "Pods/Target Support Files/Pods-ACYKit_Example/Pods-ACYKit_Example.release.xcconfig"; sourceTree = "<group>"; };
		7ACAED35B1560EEB833947D6 /* Pods-ACYKit_Example.debug.xcconfig */ = {isa = PBXFileReference; includeInIndex = 1; lastKnownFileType = text.xcconfig; name = "Pods-ACYKit_Example.debug.xcconfig"; path = "Pods/Target Support Files/Pods-ACYKit_Example/Pods-ACYKit_Example.debug.xcconfig"; sourceTree = "<group>"; };
		870CF0AA2FBC22A8ED5401B5 /* ACYKit.podspec */ = {isa = PBXFileReference; includeInIndex = 1; lastKnownFileType = text; name = ACYKit.podspec; path = ../ACYKit.podspec; sourceTree = "<group>"; };
		8E0775EB1EC5602400C7DC1C /* ACYWatchdogTimer.h */ = {isa = PBXFileReference; fileEncoding = 4; lastKnownFileType = sourcecode.c.h; name = ACYWatchdogTimer.h; path = ACYKit/Models/ACYWatchdogTimer.h; sourceTree = SOURCE_ROOT; };
		8E0775EC1EC5602400C7DC1C /* ACYWatchdogTimer.m */ = {isa = PBXFileReference; fileEncoding = 4; lastKnownFileType = sourcecode.c.objc; name = ACYWatchdogTimer.m; path = ACYKit/Models/ACYWatchdogTimer.m; sourceTree = SOURCE_ROOT; };
		8E9A48751EAD95A600128878 /* ACYSplitViewController.h */ = {isa = PBXFileReference; fileEncoding = 4; lastKnownFileType = sourcecode.c.h; path = ACYSplitViewController.h; sourceTree = "<group>"; };
		8E9A48761EAD95A600128878 /* ACYSplitViewController.m */ = {isa = PBXFileReference; fileEncoding = 4; lastKnownFileType = sourcecode.c.objc; path = ACYSplitViewController.m; sourceTree = "<group>"; };
		8EC2D4B71EAA3E2200FE0239 /* ACYAppDelegate.h */ = {isa = PBXFileReference; fileEncoding = 4; lastKnownFileType = sourcecode.c.h; path = ACYAppDelegate.h; sourceTree = "<group>"; };
		8EC2D4B81EAA3E2200FE0239 /* ACYAppDelegate.m */ = {isa = PBXFileReference; fileEncoding = 4; lastKnownFileType = sourcecode.c.objc; path = ACYAppDelegate.m; sourceTree = "<group>"; };
		8EC2D4BA1EAA3E2200FE0239 /* ACYViewController.h */ = {isa = PBXFileReference; fileEncoding = 4; lastKnownFileType = sourcecode.c.h; path = ACYViewController.h; sourceTree = "<group>"; };
		8EC2D4BB1EAA3E2200FE0239 /* ACYViewController.m */ = {isa = PBXFileReference; fileEncoding = 4; lastKnownFileType = sourcecode.c.objc; path = ACYViewController.m; sourceTree = "<group>"; };
		8EC2D4BD1EAA3E2200FE0239 /* Images.xcassets */ = {isa = PBXFileReference; lastKnownFileType = folder.assetcatalog; path = Images.xcassets; sourceTree = "<group>"; };
		8EC2D4BF1EAA3E2200FE0239 /* ACYKit-Info.plist */ = {isa = PBXFileReference; fileEncoding = 4; lastKnownFileType = text.plist.xml; path = "ACYKit-Info.plist"; sourceTree = "<group>"; };
		8EC2D4C01EAA3E2200FE0239 /* ACYKit-Prefix.pch */ = {isa = PBXFileReference; fileEncoding = 4; lastKnownFileType = sourcecode.c.h; path = "ACYKit-Prefix.pch"; sourceTree = "<group>"; };
		8EC2D4C11EAA3E2200FE0239 /* main.m */ = {isa = PBXFileReference; fileEncoding = 4; lastKnownFileType = sourcecode.c.objc; path = main.m; sourceTree = "<group>"; };
		8EC2D4C71EAA3E5700FE0239 /* InfoPlist.strings */ = {isa = PBXFileReference; fileEncoding = 4; lastKnownFileType = text.plist.strings; path = InfoPlist.strings; sourceTree = "<group>"; };
		8EC2D4C91EAA3E6E00FE0239 /* LaunchScreen.storyboard */ = {isa = PBXFileReference; fileEncoding = 4; lastKnownFileType = file.storyboard; path = LaunchScreen.storyboard; sourceTree = "<group>"; };
		8EC2D4E11EACFA9700FE0239 /* NSArray+ACY_NSSortDescriptorSortingSpec.m */ = {isa = PBXFileReference; fileEncoding = 4; lastKnownFileType = sourcecode.c.objc; path = "NSArray+ACY_NSSortDescriptorSortingSpec.m"; sourceTree = "<group>"; };
		8EC2D4E21EACFA9700FE0239 /* NSObject+ACY_UIViewSpec.m */ = {isa = PBXFileReference; fileEncoding = 4; lastKnownFileType = sourcecode.c.objc; path = "NSObject+ACY_UIViewSpec.m"; sourceTree = "<group>"; };
		8EC2D4E31EACFA9700FE0239 /* NSString+ACY_NSStringExtensionMethodsSpec.m */ = {isa = PBXFileReference; fileEncoding = 4; lastKnownFileType = sourcecode.c.objc; path = "NSString+ACY_NSStringExtensionMethodsSpec.m"; sourceTree = "<group>"; };
		8EC2D4E41EACFA9700FE0239 /* NSString+ACY_NSStringPathExtensionsSpec.m */ = {isa = PBXFileReference; fileEncoding = 4; lastKnownFileType = sourcecode.c.objc; path = "NSString+ACY_NSStringPathExtensionsSpec.m"; sourceTree = "<group>"; };
		8EC2D4E51EACFA9700FE0239 /* UIImage+ACY_ResizableImageSpec.m */ = {isa = PBXFileReference; fileEncoding = 4; lastKnownFileType = sourcecode.c.objc; path = "UIImage+ACY_ResizableImageSpec.m"; sourceTree = "<group>"; };
		8EC2D4E61EACFA9700FE0239 /* UIScrollView+ACY_ScrollIndicatorsSpec.m */ = {isa = PBXFileReference; fileEncoding = 4; lastKnownFileType = sourcecode.c.objc; path = "UIScrollView+ACY_ScrollIndicatorsSpec.m"; sourceTree = "<group>"; };
		8EC2D4E71EACFA9700FE0239 /* UIView+ACY_UIViewHierarchySpec.m */ = {isa = PBXFileReference; fileEncoding = 4; lastKnownFileType = sourcecode.c.objc; path = "UIView+ACY_UIViewHierarchySpec.m"; sourceTree = "<group>"; };
		8EC2D4F11EACFD6400FE0239 /* ACYMasterViewController.h */ = {isa = PBXFileReference; fileEncoding = 4; lastKnownFileType = sourcecode.c.h; path = ACYMasterViewController.h; sourceTree = "<group>"; };
		8EC2D4F21EACFD6400FE0239 /* ACYMasterViewController.m */ = {isa = PBXFileReference; fileEncoding = 4; lastKnownFileType = sourcecode.c.objc; path = ACYMasterViewController.m; sourceTree = "<group>"; };
		8EC2D4F41EACFD7D00FE0239 /* ACYDetailViewController.h */ = {isa = PBXFileReference; fileEncoding = 4; lastKnownFileType = sourcecode.c.h; path = ACYDetailViewController.h; sourceTree = "<group>"; };
		8EC2D4F51EACFD7D00FE0239 /* ACYDetailViewController.m */ = {isa = PBXFileReference; fileEncoding = 4; lastKnownFileType = sourcecode.c.objc; path = ACYDetailViewController.m; sourceTree = "<group>"; };
		8EC2D4FB1EAE25A800FE0239 /* ACYKit_ExampleUITests.xctest */ = {isa = PBXFileReference; explicitFileType = wrapper.cfbundle; includeInIndex = 0; path = ACYKit_ExampleUITests.xctest; sourceTree = BUILT_PRODUCTS_DIR; };
		8EC2D4FD1EAE25A800FE0239 /* ACYKit_ExampleUITests.m */ = {isa = PBXFileReference; lastKnownFileType = sourcecode.c.objc; path = ACYKit_ExampleUITests.m; sourceTree = "<group>"; };
		8EC2D4FF1EAE25A800FE0239 /* Info.plist */ = {isa = PBXFileReference; lastKnownFileType = text.plist.xml; path = Info.plist; sourceTree = "<group>"; };
		8EEB7B5F1ECD3E72004A7B25 /* ACYContainerView.h */ = {isa = PBXFileReference; fileEncoding = 4; lastKnownFileType = sourcecode.c.h; name = ACYContainerView.h; path = SplitViewController/Views/ACYContainerView.h; sourceTree = "<group>"; };
		8EEB7B601ECD3E72004A7B25 /* ACYContainerView.m */ = {isa = PBXFileReference; fileEncoding = 4; lastKnownFileType = sourcecode.c.objc; name = ACYContainerView.m; path = SplitViewController/Views/ACYContainerView.m; sourceTree = "<group>"; };
		9FEEAB07CBD298D7CE59001B /* Pods_ACYKit_Example.framework */ = {isa = PBXFileReference; explicitFileType = wrapper.framework; includeInIndex = 0; path = Pods_ACYKit_Example.framework; sourceTree = BUILT_PRODUCTS_DIR; };
		C7228D50A625B013AFCB1A2B /* Pods-ACYKit_Tests.release.xcconfig */ = {isa = PBXFileReference; includeInIndex = 1; lastKnownFileType = text.xcconfig; name = "Pods-ACYKit_Tests.release.xcconfig"; path = "Pods/Target Support Files/Pods-ACYKit_Tests/Pods-ACYKit_Tests.release.xcconfig"; sourceTree = "<group>"; };
		D035D8353BF04281829AF473 /* README.md */ = {isa = PBXFileReference; includeInIndex = 1; lastKnownFileType = net.daringfireball.markdown; name = README.md; path = ../README.md; sourceTree = "<group>"; };
/* End PBXFileReference section */

/* Begin PBXFrameworksBuildPhase section */
		6003F587195388D20070C39A /* Frameworks */ = {
			isa = PBXFrameworksBuildPhase;
			buildActionMask = 2147483647;
			files = (
				6003F590195388D20070C39A /* CoreGraphics.framework in Frameworks */,
				6003F592195388D20070C39A /* UIKit.framework in Frameworks */,
				6003F58E195388D20070C39A /* Foundation.framework in Frameworks */,
				EAAF098EE5225096BD0C2875 /* Pods_ACYKit_Example.framework in Frameworks */,
			);
			runOnlyForDeploymentPostprocessing = 0;
		};
		6003F5AB195388D20070C39A /* Frameworks */ = {
			isa = PBXFrameworksBuildPhase;
			buildActionMask = 2147483647;
			files = (
				6003F5B0195388D20070C39A /* XCTest.framework in Frameworks */,
				6003F5B2195388D20070C39A /* UIKit.framework in Frameworks */,
				6003F5B1195388D20070C39A /* Foundation.framework in Frameworks */,
				6114F71EE74A373A655F6D84 /* Pods_ACYKit_Tests.framework in Frameworks */,
			);
			runOnlyForDeploymentPostprocessing = 0;
		};
		8EC2D4F81EAE25A800FE0239 /* Frameworks */ = {
			isa = PBXFrameworksBuildPhase;
			buildActionMask = 2147483647;
			files = (
			);
			runOnlyForDeploymentPostprocessing = 0;
		};
/* End PBXFrameworksBuildPhase section */

/* Begin PBXGroup section */
		6003F581195388D10070C39A = {
			isa = PBXGroup;
			children = (
				60FF7A9C1954A5C5007DD14C /* Podspec Metadata */,
				6003F593195388D20070C39A /* Example for ACYKit */,
				6003F5B5195388D20070C39A /* Tests */,
				8EC2D4FC1EAE25A800FE0239 /* ACYKit_ExampleUITests */,
				6003F58C195388D20070C39A /* Frameworks */,
				6003F58B195388D20070C39A /* Products */,
				6EBF34CDA8B11147267AA40D /* Pods */,
			);
			sourceTree = "<group>";
		};
		6003F58B195388D20070C39A /* Products */ = {
			isa = PBXGroup;
			children = (
				6003F58A195388D20070C39A /* ACYKit_Example.app */,
				6003F5AE195388D20070C39A /* ACYKit_Tests.xctest */,
				8EC2D4FB1EAE25A800FE0239 /* ACYKit_ExampleUITests.xctest */,
			);
			name = Products;
			sourceTree = "<group>";
		};
		6003F58C195388D20070C39A /* Frameworks */ = {
			isa = PBXGroup;
			children = (
				6003F58D195388D20070C39A /* Foundation.framework */,
				6003F58F195388D20070C39A /* CoreGraphics.framework */,
				6003F591195388D20070C39A /* UIKit.framework */,
				6003F5AF195388D20070C39A /* XCTest.framework */,
				9FEEAB07CBD298D7CE59001B /* Pods_ACYKit_Example.framework */,
				5A1444FA1178275A12EEB005 /* Pods_ACYKit_Tests.framework */,
			);
			name = Frameworks;
			sourceTree = "<group>";
		};
		6003F593195388D20070C39A /* Example for ACYKit */ = {
			isa = PBXGroup;
			children = (
				8EC2D4B51EAA3E2200FE0239 /* Modules */,
				8E0775EE1EC5602700C7DC1C /* Models */,
				8EC2D4BC1EAA3E2200FE0239 /* Resources */,
				8EC2D4BE1EAA3E2200FE0239 /* Supporting Files */,
			);
			name = "Example for ACYKit";
			path = ACYKit;
			sourceTree = "<group>";
		};
		6003F5B5195388D20070C39A /* Tests */ = {
			isa = PBXGroup;
			children = (
				8EC2D4E01EACFA9700FE0239 /* CategoryKit */,
				8EC2D4D41EAC7E5E00FE0239 /* UIKit */,
				6003F5B6195388D20070C39A /* Supporting Files */,
			);
			path = Tests;
			sourceTree = "<group>";
		};
		6003F5B6195388D20070C39A /* Supporting Files */ = {
			isa = PBXGroup;
			children = (
				6003F5B7195388D20070C39A /* Tests-Info.plist */,
				6003F5B8195388D20070C39A /* InfoPlist.strings */,
				606FC2411953D9B200FFA9A0 /* Tests-Prefix.pch */,
			);
			name = "Supporting Files";
			sourceTree = "<group>";
		};
		60FF7A9C1954A5C5007DD14C /* Podspec Metadata */ = {
			isa = PBXGroup;
			children = (
				870CF0AA2FBC22A8ED5401B5 /* ACYKit.podspec */,
				D035D8353BF04281829AF473 /* README.md */,
				3E28814CEC02ECA0DCE4ACF9 /* LICENSE */,
			);
			name = "Podspec Metadata";
			sourceTree = "<group>";
		};
		6EBF34CDA8B11147267AA40D /* Pods */ = {
			isa = PBXGroup;
			children = (
				7ACAED35B1560EEB833947D6 /* Pods-ACYKit_Example.debug.xcconfig */,
				6881DD32F73B55C0DE29E962 /* Pods-ACYKit_Example.release.xcconfig */,
				64070828EF7F8BFBC483C4A9 /* Pods-ACYKit_Tests.debug.xcconfig */,
				C7228D50A625B013AFCB1A2B /* Pods-ACYKit_Tests.release.xcconfig */,
			);
			name = Pods;
			sourceTree = "<group>";
		};
		8E0775EE1EC5602700C7DC1C /* Models */ = {
			isa = PBXGroup;
			children = (
				8E0775EB1EC5602400C7DC1C /* ACYWatchdogTimer.h */,
				8E0775EC1EC5602400C7DC1C /* ACYWatchdogTimer.m */,
			);
			name = Models;
			path = Modules;
			sourceTree = "<group>";
		};
		8EC2D4B51EAA3E2200FE0239 /* Modules */ = {
			isa = PBXGroup;
			children = (
				8EC2D4B61EAA3E2200FE0239 /* AppDelegate */,
				8EC2D4B91EAA3E2200FE0239 /* SplitViewController */,
				8EEB7B5F1ECD3E72004A7B25 /* ACYContainerView.h */,
				8EEB7B601ECD3E72004A7B25 /* ACYContainerView.m */,
			);
			path = Modules;
			sourceTree = "<group>";
		};
		8EC2D4B61EAA3E2200FE0239 /* AppDelegate */ = {
			isa = PBXGroup;
			children = (
				8EC2D4B71EAA3E2200FE0239 /* ACYAppDelegate.h */,
				8EC2D4B81EAA3E2200FE0239 /* ACYAppDelegate.m */,
			);
			path = AppDelegate;
			sourceTree = "<group>";
		};
		8EC2D4B91EAA3E2200FE0239 /* SplitViewController */ = {
			isa = PBXGroup;
			children = (
				8E9A48751EAD95A600128878 /* ACYSplitViewController.h */,
				8E9A48761EAD95A600128878 /* ACYSplitViewController.m */,
				8EC2D4F11EACFD6400FE0239 /* ACYMasterViewController.h */,
				8EC2D4F21EACFD6400FE0239 /* ACYMasterViewController.m */,
				8EC2D4F41EACFD7D00FE0239 /* ACYDetailViewController.h */,
				8EC2D4F51EACFD7D00FE0239 /* ACYDetailViewController.m */,
				8EC2D4BA1EAA3E2200FE0239 /* ACYViewController.h */,
				8EC2D4BB1EAA3E2200FE0239 /* ACYViewController.m */,
			);
			path = SplitViewController;
			sourceTree = "<group>";
		};
		8EC2D4BC1EAA3E2200FE0239 /* Resources */ = {
			isa = PBXGroup;
			children = (
				8EC2D4BD1EAA3E2200FE0239 /* Images.xcassets */,
				8EC2D4CD1EAA3E7300FE0239 /* Storyboards */,
			);
			path = Resources;
			sourceTree = "<group>";
		};
		8EC2D4BE1EAA3E2200FE0239 /* Supporting Files */ = {
			isa = PBXGroup;
			children = (
				8EC2D4C01EAA3E2200FE0239 /* ACYKit-Prefix.pch */,
				8EC2D4BF1EAA3E2200FE0239 /* ACYKit-Info.plist */,
				8EC2D4C71EAA3E5700FE0239 /* InfoPlist.strings */,
				8EC2D4C11EAA3E2200FE0239 /* main.m */,
			);
			path = "Supporting Files";
			sourceTree = "<group>";
		};
		8EC2D4CD1EAA3E7300FE0239 /* Storyboards */ = {
			isa = PBXGroup;
			children = (
				8EC2D4CE1EAA3EC500FE0239 /* LaunchScreen */,
			);
			name = Storyboards;
			sourceTree = "<group>";
		};
		8EC2D4CE1EAA3EC500FE0239 /* LaunchScreen */ = {
			isa = PBXGroup;
			children = (
				8EC2D4C91EAA3E6E00FE0239 /* LaunchScreen.storyboard */,
			);
			name = LaunchScreen;
			sourceTree = "<group>";
		};
		8EC2D4D41EAC7E5E00FE0239 /* UIKit */ = {
			isa = PBXGroup;
			children = (
			);
			name = UIKit;
			path = CategoryKit;
			sourceTree = "<group>";
		};
		8EC2D4E01EACFA9700FE0239 /* CategoryKit */ = {
			isa = PBXGroup;
			children = (
				8EC2D4E11EACFA9700FE0239 /* NSArray+ACY_NSSortDescriptorSortingSpec.m */,
				8EC2D4E21EACFA9700FE0239 /* NSObject+ACY_UIViewSpec.m */,
				8EC2D4E31EACFA9700FE0239 /* NSString+ACY_NSStringExtensionMethodsSpec.m */,
				8EC2D4E41EACFA9700FE0239 /* NSString+ACY_NSStringPathExtensionsSpec.m */,
				8EC2D4E51EACFA9700FE0239 /* UIImage+ACY_ResizableImageSpec.m */,
				8EC2D4E61EACFA9700FE0239 /* UIScrollView+ACY_ScrollIndicatorsSpec.m */,
				8EC2D4E71EACFA9700FE0239 /* UIView+ACY_UIViewHierarchySpec.m */,
			);
			path = CategoryKit;
			sourceTree = "<group>";
		};
		8EC2D4FC1EAE25A800FE0239 /* ACYKit_ExampleUITests */ = {
			isa = PBXGroup;
			children = (
				8EC2D4FD1EAE25A800FE0239 /* ACYKit_ExampleUITests.m */,
				8EC2D4FF1EAE25A800FE0239 /* Info.plist */,
			);
			path = ACYKit_ExampleUITests;
			sourceTree = "<group>";
		};
/* End PBXGroup section */

/* Begin PBXNativeTarget section */
		6003F589195388D20070C39A /* ACYKit_Example */ = {
			isa = PBXNativeTarget;
			buildConfigurationList = 6003F5BF195388D20070C39A /* Build configuration list for PBXNativeTarget "ACYKit_Example" */;
			buildPhases = (
				55F52BB87805BB16018552DA /* [CP] Check Pods Manifest.lock */,
				6003F586195388D20070C39A /* Sources */,
				6003F587195388D20070C39A /* Frameworks */,
				6003F588195388D20070C39A /* Resources */,
				2FC492EEDC37E1E6E2E206B8 /* [CP] Embed Pods Frameworks */,
				C55C8CE6A6DC78793C7512B1 /* [CP] Copy Pods Resources */,
			);
			buildRules = (
			);
			dependencies = (
			);
			name = ACYKit_Example;
			productName = ACYKit;
			productReference = 6003F58A195388D20070C39A /* ACYKit_Example.app */;
			productType = "com.apple.product-type.application";
		};
		6003F5AD195388D20070C39A /* ACYKit_Tests */ = {
			isa = PBXNativeTarget;
			buildConfigurationList = 6003F5C2195388D20070C39A /* Build configuration list for PBXNativeTarget "ACYKit_Tests" */;
			buildPhases = (
				FA26AD5A1EF4382216DBAFE1 /* [CP] Check Pods Manifest.lock */,
				6003F5AA195388D20070C39A /* Sources */,
				6003F5AB195388D20070C39A /* Frameworks */,
				6003F5AC195388D20070C39A /* Resources */,
				5134D1A75DD703C41D0A00A5 /* [CP] Embed Pods Frameworks */,
				8C7A2660785C59FD8249F721 /* [CP] Copy Pods Resources */,
			);
			buildRules = (
			);
			dependencies = (
				6003F5B4195388D20070C39A /* PBXTargetDependency */,
			);
			name = ACYKit_Tests;
			productName = ACYKitTests;
			productReference = 6003F5AE195388D20070C39A /* ACYKit_Tests.xctest */;
			productType = "com.apple.product-type.bundle.unit-test";
		};
		8EC2D4FA1EAE25A800FE0239 /* ACYKit_ExampleUITests */ = {
			isa = PBXNativeTarget;
			buildConfigurationList = 8EC2D5021EAE25A800FE0239 /* Build configuration list for PBXNativeTarget "ACYKit_ExampleUITests" */;
			buildPhases = (
				8EC2D4F71EAE25A800FE0239 /* Sources */,
				8EC2D4F81EAE25A800FE0239 /* Frameworks */,
				8EC2D4F91EAE25A800FE0239 /* Resources */,
			);
			buildRules = (
			);
			dependencies = (
				8EC2D5011EAE25A800FE0239 /* PBXTargetDependency */,
			);
			name = ACYKit_ExampleUITests;
			productName = ACYKit_ExampleUITests;
			productReference = 8EC2D4FB1EAE25A800FE0239 /* ACYKit_ExampleUITests.xctest */;
			productType = "com.apple.product-type.bundle.ui-testing";
		};
/* End PBXNativeTarget section */

/* Begin PBXProject section */
		6003F582195388D10070C39A /* Project object */ = {
			isa = PBXProject;
			attributes = {
				CLASSPREFIX = ACY;
				LastUpgradeCheck = 0830;
				ORGANIZATIONNAME = "Arthur Liu";
				TargetAttributes = {
					6003F589195388D20070C39A = {
						DevelopmentTeam = P82ZK576JR;
					};
					6003F5AD195388D20070C39A = {
						DevelopmentTeam = P82ZK576JR;
						TestTargetID = 6003F589195388D20070C39A;
					};
					8EC2D4FA1EAE25A800FE0239 = {
						CreatedOnToolsVersion = 8.3;
						DevelopmentTeam = P82ZK576JR;
						ProvisioningStyle = Automatic;
						TestTargetID = 6003F589195388D20070C39A;
					};
				};
			};
			buildConfigurationList = 6003F585195388D10070C39A /* Build configuration list for PBXProject "ACYKit" */;
			compatibilityVersion = "Xcode 3.2";
			developmentRegion = English;
			hasScannedForEncodings = 0;
			knownRegions = (
				en,
				Base,
			);
			mainGroup = 6003F581195388D10070C39A;
			productRefGroup = 6003F58B195388D20070C39A /* Products */;
			projectDirPath = "";
			projectRoot = "";
			targets = (
				6003F589195388D20070C39A /* ACYKit_Example */,
				6003F5AD195388D20070C39A /* ACYKit_Tests */,
				8EC2D4FA1EAE25A800FE0239 /* ACYKit_ExampleUITests */,
			);
		};
/* End PBXProject section */

/* Begin PBXResourcesBuildPhase section */
		6003F588195388D20070C39A /* Resources */ = {
			isa = PBXResourcesBuildPhase;
			buildActionMask = 2147483647;
			files = (
				8EC2D4CB1EAA3E6E00FE0239 /* LaunchScreen.storyboard in Resources */,
				8EC2D4C41EAA3E2200FE0239 /* Images.xcassets in Resources */,
				8EC2D4C81EAA3E5700FE0239 /* InfoPlist.strings in Resources */,
			);
			runOnlyForDeploymentPostprocessing = 0;
		};
		6003F5AC195388D20070C39A /* Resources */ = {
			isa = PBXResourcesBuildPhase;
			buildActionMask = 2147483647;
			files = (
				6003F5BA195388D20070C39A /* InfoPlist.strings in Resources */,
			);
			runOnlyForDeploymentPostprocessing = 0;
		};
		8EC2D4F91EAE25A800FE0239 /* Resources */ = {
			isa = PBXResourcesBuildPhase;
			buildActionMask = 2147483647;
			files = (
			);
			runOnlyForDeploymentPostprocessing = 0;
		};
/* End PBXResourcesBuildPhase section */

/* Begin PBXShellScriptBuildPhase section */
		2FC492EEDC37E1E6E2E206B8 /* [CP] Embed Pods Frameworks */ = {
			isa = PBXShellScriptBuildPhase;
			buildActionMask = 2147483647;
			files = (
			);
			inputPaths = (
			);
			name = "[CP] Embed Pods Frameworks";
			outputPaths = (
			);
			runOnlyForDeploymentPostprocessing = 0;
			shellPath = /bin/sh;
			shellScript = "\"${SRCROOT}/Pods/Target Support Files/Pods-ACYKit_Example/Pods-ACYKit_Example-frameworks.sh\"\n";
			showEnvVarsInLog = 0;
		};
		5134D1A75DD703C41D0A00A5 /* [CP] Embed Pods Frameworks */ = {
			isa = PBXShellScriptBuildPhase;
			buildActionMask = 2147483647;
			files = (
			);
			inputPaths = (
			);
			name = "[CP] Embed Pods Frameworks";
			outputPaths = (
			);
			runOnlyForDeploymentPostprocessing = 0;
			shellPath = /bin/sh;
			shellScript = "\"${SRCROOT}/Pods/Target Support Files/Pods-ACYKit_Tests/Pods-ACYKit_Tests-frameworks.sh\"\n";
			showEnvVarsInLog = 0;
		};
		55F52BB87805BB16018552DA /* [CP] Check Pods Manifest.lock */ = {
			isa = PBXShellScriptBuildPhase;
			buildActionMask = 2147483647;
			files = (
			);
			inputPaths = (
			);
			name = "[CP] Check Pods Manifest.lock";
			outputPaths = (
			);
			runOnlyForDeploymentPostprocessing = 0;
			shellPath = /bin/sh;
			shellScript = "diff \"${PODS_PODFILE_DIR_PATH}/Podfile.lock\" \"${PODS_ROOT}/Manifest.lock\" > /dev/null\nif [ $? != 0 ] ; then\n    # print error to STDERR\n    echo \"error: The sandbox is not in sync with the Podfile.lock. Run 'pod install' or update your CocoaPods installation.\" >&2\n    exit 1\nfi\n";
			showEnvVarsInLog = 0;
		};
		8C7A2660785C59FD8249F721 /* [CP] Copy Pods Resources */ = {
			isa = PBXShellScriptBuildPhase;
			buildActionMask = 2147483647;
			files = (
			);
			inputPaths = (
			);
			name = "[CP] Copy Pods Resources";
			outputPaths = (
			);
			runOnlyForDeploymentPostprocessing = 0;
			shellPath = /bin/sh;
			shellScript = "\"${SRCROOT}/Pods/Target Support Files/Pods-ACYKit_Tests/Pods-ACYKit_Tests-resources.sh\"\n";
			showEnvVarsInLog = 0;
		};
		C55C8CE6A6DC78793C7512B1 /* [CP] Copy Pods Resources */ = {
			isa = PBXShellScriptBuildPhase;
			buildActionMask = 2147483647;
			files = (
			);
			inputPaths = (
			);
			name = "[CP] Copy Pods Resources";
			outputPaths = (
			);
			runOnlyForDeploymentPostprocessing = 0;
			shellPath = /bin/sh;
			shellScript = "\"${SRCROOT}/Pods/Target Support Files/Pods-ACYKit_Example/Pods-ACYKit_Example-resources.sh\"\n";
			showEnvVarsInLog = 0;
		};
		FA26AD5A1EF4382216DBAFE1 /* [CP] Check Pods Manifest.lock */ = {
			isa = PBXShellScriptBuildPhase;
			buildActionMask = 2147483647;
			files = (
			);
			inputPaths = (
			);
			name = "[CP] Check Pods Manifest.lock";
			outputPaths = (
			);
			runOnlyForDeploymentPostprocessing = 0;
			shellPath = /bin/sh;
			shellScript = "diff \"${PODS_PODFILE_DIR_PATH}/Podfile.lock\" \"${PODS_ROOT}/Manifest.lock\" > /dev/null\nif [ $? != 0 ] ; then\n    # print error to STDERR\n    echo \"error: The sandbox is not in sync with the Podfile.lock. Run 'pod install' or update your CocoaPods installation.\" >&2\n    exit 1\nfi\n";
			showEnvVarsInLog = 0;
		};
/* End PBXShellScriptBuildPhase section */

/* Begin PBXSourcesBuildPhase section */
		6003F586195388D20070C39A /* Sources */ = {
			isa = PBXSourcesBuildPhase;
			buildActionMask = 2147483647;
			files = (
				8EEB7B611ECD3E72004A7B25 /* ACYContainerView.m in Sources */,
				8EC2D4F31EACFD6400FE0239 /* ACYMasterViewController.m in Sources */,
				8EC2D4C31EAA3E2200FE0239 /* ACYViewController.m in Sources */,
				8EC2D4C61EAA3E2200FE0239 /* main.m in Sources */,
				8EC2D4F61EACFD7D00FE0239 /* ACYDetailViewController.m in Sources */,
				8E0775ED1EC5602400C7DC1C /* ACYWatchdogTimer.m in Sources */,
				8EC2D4C21EAA3E2200FE0239 /* ACYAppDelegate.m in Sources */,
				8E9A48771EAD95A600128878 /* ACYSplitViewController.m in Sources */,
			);
			runOnlyForDeploymentPostprocessing = 0;
		};
		6003F5AA195388D20070C39A /* Sources */ = {
			isa = PBXSourcesBuildPhase;
			buildActionMask = 2147483647;
			files = (
				8EC2D4ED1EACFA9700FE0239 /* UIImage+ACY_ResizableImageSpec.m in Sources */,
				8EC2D4E91EACFA9700FE0239 /* NSArray+ACY_NSSortDescriptorSortingSpec.m in Sources */,
				8EC2D4EB1EACFA9700FE0239 /* NSString+ACY_NSStringExtensionMethodsSpec.m in Sources */,
				8EC2D4EE1EACFA9700FE0239 /* UIScrollView+ACY_ScrollIndicatorsSpec.m in Sources */,
				8EC2D4EA1EACFA9700FE0239 /* NSObject+ACY_UIViewSpec.m in Sources */,
				8EC2D4EF1EACFA9700FE0239 /* UIView+ACY_UIViewHierarchySpec.m in Sources */,
				8EC2D4EC1EACFA9700FE0239 /* NSString+ACY_NSStringPathExtensionsSpec.m in Sources */,
			);
			runOnlyForDeploymentPostprocessing = 0;
		};
		8EC2D4F71EAE25A800FE0239 /* Sources */ = {
			isa = PBXSourcesBuildPhase;
			buildActionMask = 2147483647;
			files = (
				8EC2D4FE1EAE25A800FE0239 /* ACYKit_ExampleUITests.m in Sources */,
			);
			runOnlyForDeploymentPostprocessing = 0;
		};
/* End PBXSourcesBuildPhase section */

/* Begin PBXTargetDependency section */
		6003F5B4195388D20070C39A /* PBXTargetDependency */ = {
			isa = PBXTargetDependency;
			target = 6003F589195388D20070C39A /* ACYKit_Example */;
			targetProxy = 6003F5B3195388D20070C39A /* PBXContainerItemProxy */;
		};
		8EC2D5011EAE25A800FE0239 /* PBXTargetDependency */ = {
			isa = PBXTargetDependency;
			target = 6003F589195388D20070C39A /* ACYKit_Example */;
			targetProxy = 8EC2D5001EAE25A800FE0239 /* PBXContainerItemProxy */;
		};
/* End PBXTargetDependency section */

/* Begin PBXVariantGroup section */
		6003F5B8195388D20070C39A /* InfoPlist.strings */ = {
			isa = PBXVariantGroup;
			children = (
				6003F5B9195388D20070C39A /* en */,
			);
			name = InfoPlist.strings;
			sourceTree = "<group>";
		};
/* End PBXVariantGroup section */

/* Begin XCBuildConfiguration section */
		6003F5BD195388D20070C39A /* Debug */ = {
			isa = XCBuildConfiguration;
			buildSettings = {
				ALWAYS_SEARCH_USER_PATHS = NO;
				CLANG_CXX_LANGUAGE_STANDARD = "gnu++0x";
				CLANG_CXX_LIBRARY = "libc++";
				CLANG_ENABLE_MODULES = YES;
				CLANG_ENABLE_OBJC_ARC = YES;
				CLANG_WARN_BOOL_CONVERSION = YES;
				CLANG_WARN_CONSTANT_CONVERSION = YES;
				CLANG_WARN_DIRECT_OBJC_ISA_USAGE = YES_ERROR;
				CLANG_WARN_EMPTY_BODY = YES;
				CLANG_WARN_ENUM_CONVERSION = YES;
				CLANG_WARN_INFINITE_RECURSION = YES;
				CLANG_WARN_INT_CONVERSION = YES;
				CLANG_WARN_OBJC_ROOT_CLASS = YES_ERROR;
				CLANG_WARN_SUSPICIOUS_MOVE = YES;
				CLANG_WARN_UNREACHABLE_CODE = YES;
				CLANG_WARN__DUPLICATE_METHOD_MATCH = YES;
				"CODE_SIGN_IDENTITY[sdk=iphoneos*]" = "iPhone Developer";
				COPY_PHASE_STRIP = NO;
				ENABLE_STRICT_OBJC_MSGSEND = YES;
				ENABLE_TESTABILITY = YES;
				GCC_C_LANGUAGE_STANDARD = gnu99;
				GCC_DYNAMIC_NO_PIC = NO;
				GCC_NO_COMMON_BLOCKS = YES;
				GCC_OPTIMIZATION_LEVEL = 0;
				GCC_PREPROCESSOR_DEFINITIONS = (
					"DEBUG=1",
					"$(inherited)",
				);
				GCC_SYMBOLS_PRIVATE_EXTERN = NO;
				GCC_WARN_64_TO_32_BIT_CONVERSION = YES;
				GCC_WARN_ABOUT_RETURN_TYPE = YES_ERROR;
				GCC_WARN_UNDECLARED_SELECTOR = YES;
				GCC_WARN_UNINITIALIZED_AUTOS = YES_AGGRESSIVE;
				GCC_WARN_UNUSED_FUNCTION = YES;
				GCC_WARN_UNUSED_VARIABLE = YES;
				IPHONEOS_DEPLOYMENT_TARGET = 8.3;
				ONLY_ACTIVE_ARCH = YES;
				SDKROOT = iphoneos;
				TARGETED_DEVICE_FAMILY = "1,2";
			};
			name = Debug;
		};
		6003F5BE195388D20070C39A /* Release */ = {
			isa = XCBuildConfiguration;
			buildSettings = {
				ALWAYS_SEARCH_USER_PATHS = NO;
				CLANG_CXX_LANGUAGE_STANDARD = "gnu++0x";
				CLANG_CXX_LIBRARY = "libc++";
				CLANG_ENABLE_MODULES = YES;
				CLANG_ENABLE_OBJC_ARC = YES;
				CLANG_WARN_BOOL_CONVERSION = YES;
				CLANG_WARN_CONSTANT_CONVERSION = YES;
				CLANG_WARN_DIRECT_OBJC_ISA_USAGE = YES_ERROR;
				CLANG_WARN_EMPTY_BODY = YES;
				CLANG_WARN_ENUM_CONVERSION = YES;
				CLANG_WARN_INFINITE_RECURSION = YES;
				CLANG_WARN_INT_CONVERSION = YES;
				CLANG_WARN_OBJC_ROOT_CLASS = YES_ERROR;
				CLANG_WARN_SUSPICIOUS_MOVE = YES;
				CLANG_WARN_UNREACHABLE_CODE = YES;
				CLANG_WARN__DUPLICATE_METHOD_MATCH = YES;
				"CODE_SIGN_IDENTITY[sdk=iphoneos*]" = "iPhone Developer";
				COPY_PHASE_STRIP = YES;
				ENABLE_NS_ASSERTIONS = NO;
				ENABLE_STRICT_OBJC_MSGSEND = YES;
				GCC_C_LANGUAGE_STANDARD = gnu99;
				GCC_NO_COMMON_BLOCKS = YES;
				GCC_WARN_64_TO_32_BIT_CONVERSION = YES;
				GCC_WARN_ABOUT_RETURN_TYPE = YES_ERROR;
				GCC_WARN_UNDECLARED_SELECTOR = YES;
				GCC_WARN_UNINITIALIZED_AUTOS = YES_AGGRESSIVE;
				GCC_WARN_UNUSED_FUNCTION = YES;
				GCC_WARN_UNUSED_VARIABLE = YES;
				IPHONEOS_DEPLOYMENT_TARGET = 8.3;
				SDKROOT = iphoneos;
				TARGETED_DEVICE_FAMILY = "1,2";
				VALIDATE_PRODUCT = YES;
			};
			name = Release;
		};
		6003F5C0195388D20070C39A /* Debug */ = {
			isa = XCBuildConfiguration;
			baseConfigurationReference = 7ACAED35B1560EEB833947D6 /* Pods-ACYKit_Example.debug.xcconfig */;
			buildSettings = {
				ALWAYS_SEARCH_USER_PATHS = NO;
				ASSETCATALOG_COMPILER_APPICON_NAME = AppIcon;
				DEVELOPMENT_TEAM = P82ZK576JR;
				GCC_PRECOMPILE_PREFIX_HEADER = YES;
				GCC_PREFIX_HEADER = "ACYKit/Supporting Files/ACYKit-Prefix.pch";
				INFOPLIST_FILE = "ACYKit/Supporting Files/ACYKit-Info.plist";
				MODULE_NAME = ExampleApp;
				PRODUCT_BUNDLE_IDENTIFIER = "org.cocoapods.demo.${PRODUCT_NAME:rfc1034identifier}";
				PRODUCT_NAME = "$(TARGET_NAME)";
				TARGETED_DEVICE_FAMILY = "1,2";
				USER_HEADER_SEARCH_PATHS = "";
				WRAPPER_EXTENSION = app;
			};
			name = Debug;
		};
		6003F5C1195388D20070C39A /* Release */ = {
			isa = XCBuildConfiguration;
			baseConfigurationReference = 6881DD32F73B55C0DE29E962 /* Pods-ACYKit_Example.release.xcconfig */;
			buildSettings = {
				ALWAYS_SEARCH_USER_PATHS = NO;
				ASSETCATALOG_COMPILER_APPICON_NAME = AppIcon;
				DEVELOPMENT_TEAM = P82ZK576JR;
				GCC_PRECOMPILE_PREFIX_HEADER = YES;
				GCC_PREFIX_HEADER = "ACYKit/Supporting Files/ACYKit-Prefix.pch";
				INFOPLIST_FILE = "ACYKit/Supporting Files/ACYKit-Info.plist";
				MODULE_NAME = ExampleApp;
				PRODUCT_BUNDLE_IDENTIFIER = "org.cocoapods.demo.${PRODUCT_NAME:rfc1034identifier}";
				PRODUCT_NAME = "$(TARGET_NAME)";
				TARGETED_DEVICE_FAMILY = "1,2";
				USER_HEADER_SEARCH_PATHS = "";
				WRAPPER_EXTENSION = app;
			};
			name = Release;
		};
		6003F5C3195388D20070C39A /* Debug */ = {
			isa = XCBuildConfiguration;
			baseConfigurationReference = 64070828EF7F8BFBC483C4A9 /* Pods-ACYKit_Tests.debug.xcconfig */;
			buildSettings = {
				ALWAYS_EMBED_SWIFT_STANDARD_LIBRARIES = YES;
				BUNDLE_LOADER = "$(TEST_HOST)";
				DEVELOPMENT_TEAM = P82ZK576JR;
				FRAMEWORK_SEARCH_PATHS = (
					"$(SDKROOT)/Developer/Library/Frameworks",
					"$(inherited)",
					"$(DEVELOPER_FRAMEWORKS_DIR)",
				);
				GCC_PRECOMPILE_PREFIX_HEADER = YES;
				GCC_PREFIX_HEADER = "Tests/Tests-Prefix.pch";
				GCC_PREPROCESSOR_DEFINITIONS = (
					"DEBUG=1",
					"$(inherited)",
				);
				INFOPLIST_FILE = "Tests/Tests-Info.plist";
				PRODUCT_BUNDLE_IDENTIFIER = "org.cocoapods.demo.${PRODUCT_NAME:rfc1034identifier}";
				PRODUCT_NAME = "$(TARGET_NAME)";
				TEST_HOST = "$(BUILT_PRODUCTS_DIR)/ACYKit_Example.app/ACYKit_Example";
				WRAPPER_EXTENSION = xctest;
			};
			name = Debug;
		};
		6003F5C4195388D20070C39A /* Release */ = {
			isa = XCBuildConfiguration;
			baseConfigurationReference = C7228D50A625B013AFCB1A2B /* Pods-ACYKit_Tests.release.xcconfig */;
			buildSettings = {
				ALWAYS_EMBED_SWIFT_STANDARD_LIBRARIES = YES;
				BUNDLE_LOADER = "$(TEST_HOST)";
				DEVELOPMENT_TEAM = P82ZK576JR;
				FRAMEWORK_SEARCH_PATHS = (
					"$(SDKROOT)/Developer/Library/Frameworks",
					"$(inherited)",
					"$(DEVELOPER_FRAMEWORKS_DIR)",
				);
				GCC_PRECOMPILE_PREFIX_HEADER = YES;
				GCC_PREFIX_HEADER = "Tests/Tests-Prefix.pch";
				INFOPLIST_FILE = "Tests/Tests-Info.plist";
				PRODUCT_BUNDLE_IDENTIFIER = "org.cocoapods.demo.${PRODUCT_NAME:rfc1034identifier}";
				PRODUCT_NAME = "$(TARGET_NAME)";
				TEST_HOST = "$(BUILT_PRODUCTS_DIR)/ACYKit_Example.app/ACYKit_Example";
				WRAPPER_EXTENSION = xctest;
			};
			name = Release;
		};
		8EC2D5031EAE25A800FE0239 /* Debug */ = {
			isa = XCBuildConfiguration;
			buildSettings = {
				CLANG_ANALYZER_NONNULL = YES;
				CLANG_ANALYZER_NUMBER_OBJECT_CONVERSION = YES_AGGRESSIVE;
				CLANG_WARN_DOCUMENTATION_COMMENTS = YES;
				DEBUG_INFORMATION_FORMAT = dwarf;
				DEVELOPMENT_TEAM = P82ZK576JR;
				INFOPLIST_FILE = ACYKit_ExampleUITests/Info.plist;
				IPHONEOS_DEPLOYMENT_TARGET = 10.3;
				LD_RUNPATH_SEARCH_PATHS = "$(inherited) @executable_path/Frameworks @loader_path/Frameworks";
				MTL_ENABLE_DEBUG_INFO = YES;
				PRODUCT_BUNDLE_IDENTIFIER = "com.cocoapods.demo.ACYKit-ExampleUITests";
				PRODUCT_NAME = "$(TARGET_NAME)";
				TEST_TARGET_NAME = ACYKit_Example;
			};
			name = Debug;
		};
		8EC2D5041EAE25A800FE0239 /* Release */ = {
			isa = XCBuildConfiguration;
			buildSettings = {
				CLANG_ANALYZER_NONNULL = YES;
				CLANG_ANALYZER_NUMBER_OBJECT_CONVERSION = YES_AGGRESSIVE;
				CLANG_WARN_DOCUMENTATION_COMMENTS = YES;
				COPY_PHASE_STRIP = NO;
				DEBUG_INFORMATION_FORMAT = "dwarf-with-dsym";
				DEVELOPMENT_TEAM = P82ZK576JR;
				INFOPLIST_FILE = ACYKit_ExampleUITests/Info.plist;
				IPHONEOS_DEPLOYMENT_TARGET = 10.3;
				LD_RUNPATH_SEARCH_PATHS = "$(inherited) @executable_path/Frameworks @loader_path/Frameworks";
				MTL_ENABLE_DEBUG_INFO = NO;
				PRODUCT_BUNDLE_IDENTIFIER = "com.cocoapods.demo.ACYKit-ExampleUITests";
				PRODUCT_NAME = "$(TARGET_NAME)";
				TEST_TARGET_NAME = ACYKit_Example;
			};
			name = Release;
		};
/* End XCBuildConfiguration section */

/* Begin XCConfigurationList section */
		6003F585195388D10070C39A /* Build configuration list for PBXProject "ACYKit" */ = {
			isa = XCConfigurationList;
			buildConfigurations = (
				6003F5BD195388D20070C39A /* Debug */,
				6003F5BE195388D20070C39A /* Release */,
			);
			defaultConfigurationIsVisible = 0;
			defaultConfigurationName = Release;
		};
		6003F5BF195388D20070C39A /* Build configuration list for PBXNativeTarget "ACYKit_Example" */ = {
			isa = XCConfigurationList;
			buildConfigurations = (
				6003F5C0195388D20070C39A /* Debug */,
				6003F5C1195388D20070C39A /* Release */,
			);
			defaultConfigurationIsVisible = 0;
			defaultConfigurationName = Release;
		};
		6003F5C2195388D20070C39A /* Build configuration list for PBXNativeTarget "ACYKit_Tests" */ = {
			isa = XCConfigurationList;
			buildConfigurations = (
				6003F5C3195388D20070C39A /* Debug */,
				6003F5C4195388D20070C39A /* Release */,
			);
			defaultConfigurationIsVisible = 0;
			defaultConfigurationName = Release;
		};
		8EC2D5021EAE25A800FE0239 /* Build configuration list for PBXNativeTarget "ACYKit_ExampleUITests" */ = {
			isa = XCConfigurationList;
			buildConfigurations = (
				8EC2D5031EAE25A800FE0239 /* Debug */,
				8EC2D5041EAE25A800FE0239 /* Release */,
			);
			defaultConfigurationIsVisible = 0;
			defaultConfigurationName = Release;
		};
/* End XCConfigurationList section */
	};
	rootObject = 6003F582195388D10070C39A /* Project object */;
}
